// !$*UTF8*$!
{
	archiveVersion = 1;
	classes = {
	};
	objectVersion = 45;
	objects = {

/* Begin PBXBuildFile section */
		1D3623260D0F684500981E51 /* iPhoneAppAppDelegate.m in Sources */ = {isa = PBXBuildFile; fileRef = 1D3623250D0F684500981E51 /* iPhoneAppAppDelegate.m */; };
		1D60589B0D05DD56006BFB54 /* main.m in Sources */ = {isa = PBXBuildFile; fileRef = 29B97316FDCFA39411CA2CEA /* main.m */; };
		1D60589F0D05DD5A006BFB54 /* Foundation.framework in Frameworks */ = {isa = PBXBuildFile; fileRef = 1D30AB110D05D00D00671497 /* Foundation.framework */; };
		1DF5F4E00D08C38300B7A737 /* UIKit.framework in Frameworks */ = {isa = PBXBuildFile; fileRef = 1DF5F4DF0D08C38300B7A737 /* UIKit.framework */; };
		2892E4100DC94CBA00A64D0F /* CoreGraphics.framework in Frameworks */ = {isa = PBXBuildFile; fileRef = 2892E40F0DC94CBA00A64D0F /* CoreGraphics.framework */; };
		2899E5600DE3E45000AC0155 /* RootViewController.xib in Resources */ = {isa = PBXBuildFile; fileRef = 2899E55F0DE3E45000AC0155 /* RootViewController.xib */; };
		28AD73600D9D9599002E5188 /* MainWindow.xib in Resources */ = {isa = PBXBuildFile; fileRef = 28AD735F0D9D9599002E5188 /* MainWindow.xib */; };
		28C286E10D94DF7D0034E888 /* RootViewController.m in Sources */ = {isa = PBXBuildFile; fileRef = 28C286E00D94DF7D0034E888 /* RootViewController.m */; };
		B1B1CA4A0F3CC76A001E3909 /* GTMIPhoneUnitTestDelegate.m in Sources */ = {isa = PBXBuildFile; fileRef = B1B1CA480F3CC76A001E3909 /* GTMIPhoneUnitTestDelegate.m */; };
		B1B1CA4B0F3CC76A001E3909 /* GTMIPhoneUnitTestMain.m in Sources */ = {isa = PBXBuildFile; fileRef = B1B1CA490F3CC76A001E3909 /* GTMIPhoneUnitTestMain.m */; };
		B1B1CA4F0F3CC7A4001E3909 /* GTMSenTestCase.m in Sources */ = {isa = PBXBuildFile; fileRef = B1B1CA4E0F3CC7A4001E3909 /* GTMSenTestCase.m */; };
		B1B1CA570F3CC803001E3909 /* GTMCALayer+UnitTesting.m in Sources */ = {isa = PBXBuildFile; fileRef = B1B1CA520F3CC803001E3909 /* GTMCALayer+UnitTesting.m */; };
		B1B1CA580F3CC803001E3909 /* GTMNSObject+UnitTesting.m in Sources */ = {isa = PBXBuildFile; fileRef = B1B1CA540F3CC803001E3909 /* GTMNSObject+UnitTesting.m */; };
		B1B1CA590F3CC803001E3909 /* GTMUIKit+UnitTesting.m in Sources */ = {isa = PBXBuildFile; fileRef = B1B1CA560F3CC803001E3909 /* GTMUIKit+UnitTesting.m */; };
		B1B1CA5E0F3CC84B001E3909 /* GTMSystemVersion.m in Sources */ = {isa = PBXBuildFile; fileRef = B1B1CA5D0F3CC84B001E3909 /* GTMSystemVersion.m */; };
		B1B1CA5F0F3CC89D001E3909 /* UIKit.framework in Frameworks */ = {isa = PBXBuildFile; fileRef = 1DF5F4DF0D08C38300B7A737 /* UIKit.framework */; };
		B1B1CA600F3CC89F001E3909 /* Foundation.framework in Frameworks */ = {isa = PBXBuildFile; fileRef = 1D30AB110D05D00D00671497 /* Foundation.framework */; };
		B1B1CA610F3CC8A0001E3909 /* CoreGraphics.framework in Frameworks */ = {isa = PBXBuildFile; fileRef = 2892E40F0DC94CBA00A64D0F /* CoreGraphics.framework */; };
		B1B1CA6B0F3CCA0A001E3909 /* ExampleTest.m in Sources */ = {isa = PBXBuildFile; fileRef = B1B1CA6A0F3CCA0A001E3909 /* ExampleTest.m */; };
		B1B1CA730F3CCBA2001E3909 /* ExampleTest.testButton.iPhone.10.5.6.png in Resources */ = {isa = PBXBuildFile; fileRef = B1B1CA720F3CCBA2001E3909 /* ExampleTest.testButton.iPhone.10.5.6.png */; };
		B1B1CA840F3CCD40001E3909 /* OCMock.framework in Frameworks */ = {isa = PBXBuildFile; fileRef = B1B1CA830F3CCD40001E3909 /* OCMock.framework */; };
		B1B1CA890F3CCDAF001E3909 /* OCMock.framework in CopyFiles */ = {isa = PBXBuildFile; fileRef = B1B1CA830F3CCD40001E3909 /* OCMock.framework */; };
/* End PBXBuildFile section */

/* Begin PBXCopyFilesBuildPhase section */
		B1B1CA910F3CCDC7001E3909 /* CopyFiles */ = {
			isa = PBXCopyFilesBuildPhase;
			buildActionMask = 2147483647;
			dstPath = "";
			dstSubfolderSpec = 16;
			files = (
				B1B1CA890F3CCDAF001E3909 /* OCMock.framework in CopyFiles */,
			);
			runOnlyForDeploymentPostprocessing = 0;
		};
/* End PBXCopyFilesBuildPhase section */

/* Begin PBXFileReference section */
		1D30AB110D05D00D00671497 /* Foundation.framework */ = {isa = PBXFileReference; lastKnownFileType = wrapper.framework; name = Foundation.framework; path = System/Library/Frameworks/Foundation.framework; sourceTree = SDKROOT; };
		1D3623240D0F684500981E51 /* iPhoneAppAppDelegate.h */ = {isa = PBXFileReference; fileEncoding = 4; lastKnownFileType = sourcecode.c.h; path = iPhoneAppAppDelegate.h; sourceTree = "<group>"; };
		1D3623250D0F684500981E51 /* iPhoneAppAppDelegate.m */ = {isa = PBXFileReference; fileEncoding = 4; lastKnownFileType = sourcecode.c.objc; path = iPhoneAppAppDelegate.m; sourceTree = "<group>"; };
		1D6058910D05DD3D006BFB54 /* iPhoneApp.app */ = {isa = PBXFileReference; explicitFileType = wrapper.application; includeInIndex = 0; path = iPhoneApp.app; sourceTree = BUILT_PRODUCTS_DIR; };
		1DF5F4DF0D08C38300B7A737 /* UIKit.framework */ = {isa = PBXFileReference; lastKnownFileType = wrapper.framework; name = UIKit.framework; path = System/Library/Frameworks/UIKit.framework; sourceTree = SDKROOT; };
		2892E40F0DC94CBA00A64D0F /* CoreGraphics.framework */ = {isa = PBXFileReference; lastKnownFileType = wrapper.framework; name = CoreGraphics.framework; path = System/Library/Frameworks/CoreGraphics.framework; sourceTree = SDKROOT; };
		2899E55F0DE3E45000AC0155 /* RootViewController.xib */ = {isa = PBXFileReference; lastKnownFileType = file.xib; path = RootViewController.xib; sourceTree = "<group>"; };
		28A0AAE50D9B0CCF005BE974 /* iPhoneApp_Prefix.pch */ = {isa = PBXFileReference; fileEncoding = 4; lastKnownFileType = sourcecode.c.h; path = iPhoneApp_Prefix.pch; sourceTree = "<group>"; };
		28AD735F0D9D9599002E5188 /* MainWindow.xib */ = {isa = PBXFileReference; lastKnownFileType = file.xib; path = MainWindow.xib; sourceTree = "<group>"; };
		28C286DF0D94DF7D0034E888 /* RootViewController.h */ = {isa = PBXFileReference; fileEncoding = 4; lastKnownFileType = sourcecode.c.h; path = RootViewController.h; sourceTree = "<group>"; };
		28C286E00D94DF7D0034E888 /* RootViewController.m */ = {isa = PBXFileReference; fileEncoding = 4; lastKnownFileType = sourcecode.c.objc; path = RootViewController.m; sourceTree = "<group>"; };
		29B97316FDCFA39411CA2CEA /* main.m */ = {isa = PBXFileReference; fileEncoding = 4; lastKnownFileType = sourcecode.c.objc; path = main.m; sourceTree = "<group>"; };
		8D1107310486CEB800E47090 /* Info.plist */ = {isa = PBXFileReference; fileEncoding = 4; lastKnownFileType = text.plist.xml; path = Info.plist; sourceTree = "<group>"; };
		B1B1CA410F3CC72E001E3909 /* Unit Tests.app */ = {isa = PBXFileReference; explicitFileType = wrapper.application; includeInIndex = 0; path = "Unit Tests.app"; sourceTree = BUILT_PRODUCTS_DIR; };
		B1B1CA430F3CC72F001E3909 /* Unit Tests-Info.plist */ = {isa = PBXFileReference; lastKnownFileType = text.plist.xml; path = "Unit Tests-Info.plist"; sourceTree = "<group>"; };
		B1B1CA470F3CC76A001E3909 /* GTMIPhoneUnitTestDelegate.h */ = {isa = PBXFileReference; fileEncoding = 4; lastKnownFileType = sourcecode.c.h; name = GTMIPhoneUnitTestDelegate.h; path = UnitTesting/GTMIPhoneUnitTestDelegate.h; sourceTree = "<group>"; };
		B1B1CA480F3CC76A001E3909 /* GTMIPhoneUnitTestDelegate.m */ = {isa = PBXFileReference; fileEncoding = 4; lastKnownFileType = sourcecode.c.objc; name = GTMIPhoneUnitTestDelegate.m; path = UnitTesting/GTMIPhoneUnitTestDelegate.m; sourceTree = "<group>"; };
		B1B1CA490F3CC76A001E3909 /* GTMIPhoneUnitTestMain.m */ = {isa = PBXFileReference; fileEncoding = 4; lastKnownFileType = sourcecode.c.objc; name = GTMIPhoneUnitTestMain.m; path = UnitTesting/GTMIPhoneUnitTestMain.m; sourceTree = "<group>"; };
		B1B1CA4D0F3CC7A4001E3909 /* GTMSenTestCase.h */ = {isa = PBXFileReference; fileEncoding = 4; lastKnownFileType = sourcecode.c.h; name = GTMSenTestCase.h; path = UnitTesting/GTMSenTestCase.h; sourceTree = "<group>"; };
		B1B1CA4E0F3CC7A4001E3909 /* GTMSenTestCase.m */ = {isa = PBXFileReference; fileEncoding = 4; lastKnownFileType = sourcecode.c.objc; name = GTMSenTestCase.m; path = UnitTesting/GTMSenTestCase.m; sourceTree = "<group>"; };
		B1B1CA500F3CC7CA001E3909 /* GTMDefines.h */ = {isa = PBXFileReference; fileEncoding = 4; lastKnownFileType = sourcecode.c.h; path = GTMDefines.h; sourceTree = "<group>"; };
		B1B1CA510F3CC803001E3909 /* GTMCALayer+UnitTesting.h */ = {isa = PBXFileReference; fileEncoding = 4; lastKnownFileType = sourcecode.c.h; name = "GTMCALayer+UnitTesting.h"; path = "UnitTesting/GTMCALayer+UnitTesting.h"; sourceTree = "<group>"; };
		B1B1CA520F3CC803001E3909 /* GTMCALayer+UnitTesting.m */ = {isa = PBXFileReference; fileEncoding = 4; lastKnownFileType = sourcecode.c.objc; name = "GTMCALayer+UnitTesting.m"; path = "UnitTesting/GTMCALayer+UnitTesting.m"; sourceTree = "<group>"; };
		B1B1CA530F3CC803001E3909 /* GTMNSObject+UnitTesting.h */ = {isa = PBXFileReference; fileEncoding = 4; lastKnownFileType = sourcecode.c.h; name = "GTMNSObject+UnitTesting.h"; path = "UnitTesting/GTMNSObject+UnitTesting.h"; sourceTree = "<group>"; };
		B1B1CA540F3CC803001E3909 /* GTMNSObject+UnitTesting.m */ = {isa = PBXFileReference; fileEncoding = 4; lastKnownFileType = sourcecode.c.objc; name = "GTMNSObject+UnitTesting.m"; path = "UnitTesting/GTMNSObject+UnitTesting.m"; sourceTree = "<group>"; };
		B1B1CA550F3CC803001E3909 /* GTMUIKit+UnitTesting.h */ = {isa = PBXFileReference; fileEncoding = 4; lastKnownFileType = sourcecode.c.h; name = "GTMUIKit+UnitTesting.h"; path = "UnitTesting/GTMUIKit+UnitTesting.h"; sourceTree = "<group>"; };
		B1B1CA560F3CC803001E3909 /* GTMUIKit+UnitTesting.m */ = {isa = PBXFileReference; fileEncoding = 4; lastKnownFileType = sourcecode.c.objc; name = "GTMUIKit+UnitTesting.m"; path = "UnitTesting/GTMUIKit+UnitTesting.m"; sourceTree = "<group>"; };
		B1B1CA5B0F3CC84B001E3909 /* GTMGarbageCollection.h */ = {isa = PBXFileReference; fileEncoding = 4; lastKnownFileType = sourcecode.c.h; name = GTMGarbageCollection.h; path = Foundation/GTMGarbageCollection.h; sourceTree = "<group>"; };
		B1B1CA5C0F3CC84B001E3909 /* GTMSystemVersion.h */ = {isa = PBXFileReference; fileEncoding = 4; lastKnownFileType = sourcecode.c.h; name = GTMSystemVersion.h; path = Foundation/GTMSystemVersion.h; sourceTree = "<group>"; };
		B1B1CA5D0F3CC84B001E3909 /* GTMSystemVersion.m */ = {isa = PBXFileReference; fileEncoding = 4; lastKnownFileType = sourcecode.c.objc; name = GTMSystemVersion.m; path = Foundation/GTMSystemVersion.m; sourceTree = "<group>"; };
		B1B1CA6A0F3CCA0A001E3909 /* ExampleTest.m */ = {isa = PBXFileReference; fileEncoding = 4; lastKnownFileType = sourcecode.c.objc; path = ExampleTest.m; sourceTree = "<group>"; };
		B1B1CA720F3CCBA2001E3909 /* ExampleTest.testButton.iPhone.10.5.6.png */ = {isa = PBXFileReference; lastKnownFileType = image.png; path = ExampleTest.testButton.iPhone.10.5.6.png; sourceTree = "<group>"; };
		B1B1CA830F3CCD40001E3909 /* OCMock.framework */ = {isa = PBXFileReference; lastKnownFileType = wrapper.framework; path = OCMock.framework; sourceTree = "<group>"; };
/* End PBXFileReference section */

/* Begin PBXFrameworksBuildPhase section */
		1D60588F0D05DD3D006BFB54 /* Frameworks */ = {
			isa = PBXFrameworksBuildPhase;
			buildActionMask = 2147483647;
			files = (
				1D60589F0D05DD5A006BFB54 /* Foundation.framework in Frameworks */,
				1DF5F4E00D08C38300B7A737 /* UIKit.framework in Frameworks */,
				2892E4100DC94CBA00A64D0F /* CoreGraphics.framework in Frameworks */,
			);
			runOnlyForDeploymentPostprocessing = 0;
		};
		B1B1CA3F0F3CC72E001E3909 /* Frameworks */ = {
			isa = PBXFrameworksBuildPhase;
			buildActionMask = 2147483647;
			files = (
				B1B1CA5F0F3CC89D001E3909 /* UIKit.framework in Frameworks */,
				B1B1CA600F3CC89F001E3909 /* Foundation.framework in Frameworks */,
				B1B1CA610F3CC8A0001E3909 /* CoreGraphics.framework in Frameworks */,
				B1B1CA840F3CCD40001E3909 /* OCMock.framework in Frameworks */,
			);
			runOnlyForDeploymentPostprocessing = 0;
		};
/* End PBXFrameworksBuildPhase section */

/* Begin PBXGroup section */
		080E96DDFE201D6D7F000001 /* Classes */ = {
			isa = PBXGroup;
			children = (
				28C286DF0D94DF7D0034E888 /* RootViewController.h */,
				28C286E00D94DF7D0034E888 /* RootViewController.m */,
				1D3623240D0F684500981E51 /* iPhoneAppAppDelegate.h */,
				1D3623250D0F684500981E51 /* iPhoneAppAppDelegate.m */,
			);
			path = Classes;
			sourceTree = "<group>";
		};
		19C28FACFE9D520D11CA2CBB /* Products */ = {
			isa = PBXGroup;
			children = (
				1D6058910D05DD3D006BFB54 /* iPhoneApp.app */,
				B1B1CA410F3CC72E001E3909 /* Unit Tests.app */,
			);
			name = Products;
			sourceTree = "<group>";
		};
		29B97314FDCFA39411CA2CEA /* CustomTemplate */ = {
			isa = PBXGroup;
			children = (
				080E96DDFE201D6D7F000001 /* Classes */,
				B1B1CA670F3CC916001E3909 /* Tests */,
				29B97315FDCFA39411CA2CEA /* Other Sources */,
				29B97317FDCFA39411CA2CEA /* Resources */,
				29B97323FDCFA39411CA2CEA /* Frameworks */,
				19C28FACFE9D520D11CA2CBB /* Products */,
			);
			name = CustomTemplate;
			sourceTree = "<group>";
		};
		29B97315FDCFA39411CA2CEA /* Other Sources */ = {
			isa = PBXGroup;
			children = (
				B1B1CA3A0F3BA443001E3909 /* google-toolbox-for-mac-1-5-1 */,
				28A0AAE50D9B0CCF005BE974 /* iPhoneApp_Prefix.pch */,
				29B97316FDCFA39411CA2CEA /* main.m */,
			);
			name = "Other Sources";
			sourceTree = "<group>";
		};
		29B97317FDCFA39411CA2CEA /* Resources */ = {
			isa = PBXGroup;
			children = (
				2899E55F0DE3E45000AC0155 /* RootViewController.xib */,
				28AD735F0D9D9599002E5188 /* MainWindow.xib */,
				8D1107310486CEB800E47090 /* Info.plist */,
				B1B1CA430F3CC72F001E3909 /* Unit Tests-Info.plist */,
			);
			name = Resources;
			sourceTree = "<group>";
		};
		29B97323FDCFA39411CA2CEA /* Frameworks */ = {
			isa = PBXGroup;
			children = (
				B1B1CA830F3CCD40001E3909 /* OCMock.framework */,
				1DF5F4DF0D08C38300B7A737 /* UIKit.framework */,
				1D30AB110D05D00D00671497 /* Foundation.framework */,
				2892E40F0DC94CBA00A64D0F /* CoreGraphics.framework */,
			);
			name = Frameworks;
			sourceTree = "<group>";
		};
		B1B1CA3A0F3BA443001E3909 /* google-toolbox-for-mac-1-5-1 */ = {
			isa = PBXGroup;
			children = (
				B1B1CA500F3CC7CA001E3909 /* GTMDefines.h */,
				B1B1CA5B0F3CC84B001E3909 /* GTMGarbageCollection.h */,
				B1B1CA5C0F3CC84B001E3909 /* GTMSystemVersion.h */,
				B1B1CA5D0F3CC84B001E3909 /* GTMSystemVersion.m */,
				B1B1CA470F3CC76A001E3909 /* GTMIPhoneUnitTestDelegate.h */,
				B1B1CA480F3CC76A001E3909 /* GTMIPhoneUnitTestDelegate.m */,
				B1B1CA490F3CC76A001E3909 /* GTMIPhoneUnitTestMain.m */,
				B1B1CA4D0F3CC7A4001E3909 /* GTMSenTestCase.h */,
				B1B1CA4E0F3CC7A4001E3909 /* GTMSenTestCase.m */,
				B1B1CA510F3CC803001E3909 /* GTMCALayer+UnitTesting.h */,
				B1B1CA520F3CC803001E3909 /* GTMCALayer+UnitTesting.m */,
				B1B1CA530F3CC803001E3909 /* GTMNSObject+UnitTesting.h */,
				B1B1CA540F3CC803001E3909 /* GTMNSObject+UnitTesting.m */,
				B1B1CA550F3CC803001E3909 /* GTMUIKit+UnitTesting.h */,
				B1B1CA560F3CC803001E3909 /* GTMUIKit+UnitTesting.m */,
			);
			path = "google-toolbox-for-mac-1-5-1";
			sourceTree = "<group>";
		};
		B1B1CA670F3CC916001E3909 /* Tests */ = {
			isa = PBXGroup;
			children = (
				B1B1CA720F3CCBA2001E3909 /* ExampleTest.testButton.iPhone.10.5.6.png */,
				B1B1CA6A0F3CCA0A001E3909 /* ExampleTest.m */,
			);
			path = Tests;
			sourceTree = "<group>";
		};
/* End PBXGroup section */

/* Begin PBXNativeTarget section */
		1D6058900D05DD3D006BFB54 /* iPhoneApp */ = {
			isa = PBXNativeTarget;
			buildConfigurationList = 1D6058960D05DD3E006BFB54 /* Build configuration list for PBXNativeTarget "iPhoneApp" */;
			buildPhases = (
				1D60588D0D05DD3D006BFB54 /* Resources */,
				1D60588E0D05DD3D006BFB54 /* Sources */,
				1D60588F0D05DD3D006BFB54 /* Frameworks */,
			);
			buildRules = (
			);
			dependencies = (
			);
			name = iPhoneApp;
			productName = iPhoneApp;
			productReference = 1D6058910D05DD3D006BFB54 /* iPhoneApp.app */;
			productType = "com.apple.product-type.application";
		};
		B1B1CA400F3CC72E001E3909 /* Unit Tests */ = {
			isa = PBXNativeTarget;
			buildConfigurationList = B1B1CA460F3CC734001E3909 /* Build configuration list for PBXNativeTarget "Unit Tests" */;
			buildPhases = (
				B1B1CA3D0F3CC72E001E3909 /* Resources */,
				B1B1CA3E0F3CC72E001E3909 /* Sources */,
				B1B1CA910F3CCDC7001E3909 /* CopyFiles */,
				B1B1CA3F0F3CC72E001E3909 /* Frameworks */,
				B1B1CA630F3CC8C0001E3909 /* ShellScript */,
			);
			buildRules = (
			);
			dependencies = (
			);
			name = "Unit Tests";
			productName = "Unit Tests";
			productReference = B1B1CA410F3CC72E001E3909 /* Unit Tests.app */;
			productType = "com.apple.product-type.application";
		};
/* End PBXNativeTarget section */

/* Begin PBXProject section */
		29B97313FDCFA39411CA2CEA /* Project object */ = {
			isa = PBXProject;
			buildConfigurationList = C01FCF4E08A954540054247B /* Build configuration list for PBXProject "iPhoneApp" */;
			compatibilityVersion = "Xcode 3.1";
			hasScannedForEncodings = 1;
			knownRegions = (
				English,
				Japanese,
				French,
				German,
				en,
			);
			mainGroup = 29B97314FDCFA39411CA2CEA /* CustomTemplate */;
			projectDirPath = "";
			projectRoot = "";
			targets = (
				1D6058900D05DD3D006BFB54 /* iPhoneApp */,
				B1B1CA400F3CC72E001E3909 /* Unit Tests */,
			);
		};
/* End PBXProject section */

/* Begin PBXResourcesBuildPhase section */
		1D60588D0D05DD3D006BFB54 /* Resources */ = {
			isa = PBXResourcesBuildPhase;
			buildActionMask = 2147483647;
			files = (
				28AD73600D9D9599002E5188 /* MainWindow.xib in Resources */,
				2899E5600DE3E45000AC0155 /* RootViewController.xib in Resources */,
			);
			runOnlyForDeploymentPostprocessing = 0;
		};
		B1B1CA3D0F3CC72E001E3909 /* Resources */ = {
			isa = PBXResourcesBuildPhase;
			buildActionMask = 2147483647;
			files = (
				B1B1CA730F3CCBA2001E3909 /* ExampleTest.testButton.iPhone.10.5.6.png in Resources */,
			);
			runOnlyForDeploymentPostprocessing = 0;
		};
/* End PBXResourcesBuildPhase section */

/* Begin PBXShellScriptBuildPhase section */
		B1B1CA630F3CC8C0001E3909 /* ShellScript */ = {
			isa = PBXShellScriptBuildPhase;
			buildActionMask = 2147483647;
			files = (
			);
			inputPaths = (
			);
			outputPaths = (
			);
			runOnlyForDeploymentPostprocessing = 0;
			shellPath = /bin/sh;
			shellScript = "google-toolbox-for-mac-1-5-1/UnitTesting/RunIPhoneUnitTest.sh";
		};
/* End PBXShellScriptBuildPhase section */

/* Begin PBXSourcesBuildPhase section */
		1D60588E0D05DD3D006BFB54 /* Sources */ = {
			isa = PBXSourcesBuildPhase;
			buildActionMask = 2147483647;
			files = (
				1D60589B0D05DD56006BFB54 /* main.m in Sources */,
				1D3623260D0F684500981E51 /* iPhoneAppAppDelegate.m in Sources */,
				28C286E10D94DF7D0034E888 /* RootViewController.m in Sources */,
			);
			runOnlyForDeploymentPostprocessing = 0;
		};
		B1B1CA3E0F3CC72E001E3909 /* Sources */ = {
			isa = PBXSourcesBuildPhase;
			buildActionMask = 2147483647;
			files = (
				B1B1CA4A0F3CC76A001E3909 /* GTMIPhoneUnitTestDelegate.m in Sources */,
				B1B1CA4B0F3CC76A001E3909 /* GTMIPhoneUnitTestMain.m in Sources */,
				B1B1CA4F0F3CC7A4001E3909 /* GTMSenTestCase.m in Sources */,
				B1B1CA570F3CC803001E3909 /* GTMCALayer+UnitTesting.m in Sources */,
				B1B1CA580F3CC803001E3909 /* GTMNSObject+UnitTesting.m in Sources */,
				B1B1CA590F3CC803001E3909 /* GTMUIKit+UnitTesting.m in Sources */,
				B1B1CA5E0F3CC84B001E3909 /* GTMSystemVersion.m in Sources */,
				B1B1CA6B0F3CCA0A001E3909 /* ExampleTest.m in Sources */,
			);
			runOnlyForDeploymentPostprocessing = 0;
		};
/* End PBXSourcesBuildPhase section */

/* Begin XCBuildConfiguration section */
		1D6058940D05DD3E006BFB54 /* Debug */ = {
			isa = XCBuildConfiguration;
			buildSettings = {
				ALWAYS_SEARCH_USER_PATHS = NO;
				COPY_PHASE_STRIP = NO;
				GCC_DYNAMIC_NO_PIC = NO;
				GCC_OPTIMIZATION_LEVEL = 0;
				GCC_PRECOMPILE_PREFIX_HEADER = YES;
				GCC_PREFIX_HEADER = iPhoneApp_Prefix.pch;
				INFOPLIST_FILE = Info.plist;
				PRODUCT_NAME = iPhoneApp;
			};
			name = Debug;
		};
		1D6058950D05DD3E006BFB54 /* Release */ = {
			isa = XCBuildConfiguration;
			buildSettings = {
				ALWAYS_SEARCH_USER_PATHS = NO;
				COPY_PHASE_STRIP = YES;
				GCC_PRECOMPILE_PREFIX_HEADER = YES;
				GCC_PREFIX_HEADER = iPhoneApp_Prefix.pch;
				INFOPLIST_FILE = Info.plist;
				PRODUCT_NAME = iPhoneApp;
			};
			name = Release;
		};
		B1B1CA440F3CC733001E3909 /* Debug */ = {
			isa = XCBuildConfiguration;
			buildSettings = {
				ALWAYS_SEARCH_USER_PATHS = NO;
				CODE_SIGN_IDENTITY = "iPhone Developer";
				COPY_PHASE_STRIP = NO;
				FRAMEWORK_SEARCH_PATHS = (
					"$(inherited)",
					"\"$(SRCROOT)\"",
				);
				GCC_DYNAMIC_NO_PIC = NO;
				GCC_OPTIMIZATION_LEVEL = 0;
				GCC_PRECOMPILE_PREFIX_HEADER = YES;
				GCC_PREFIX_HEADER = "$(SYSTEM_LIBRARY_DIR)/Frameworks/UIKit.framework/Headers/UIKit.h";
				INFOPLIST_FILE = "Unit Tests-Info.plist";
				INSTALL_PATH = "$(HOME)/Applications";
				OTHER_LDFLAGS = (
					"-framework",
					Foundation,
					"-framework",
					UIKit,
				);
				PREBINDING = NO;
				PRODUCT_NAME = "Unit Tests";
				SDKROOT = iphoneos2.2.1;
			};
			name = Debug;
		};
		B1B1CA450F3CC733001E3909 /* Release */ = {
			isa = XCBuildConfiguration;
			buildSettings = {
				ALWAYS_SEARCH_USER_PATHS = NO;
				CODE_SIGN_IDENTITY = "iPhone Developer";
				COPY_PHASE_STRIP = YES;
				DEBUG_INFORMATION_FORMAT = "dwarf-with-dsym";
				FRAMEWORK_SEARCH_PATHS = (
					"$(inherited)",
					"\"$(SRCROOT)\"",
				);
				GCC_ENABLE_FIX_AND_CONTINUE = NO;
				GCC_PRECOMPILE_PREFIX_HEADER = YES;
				GCC_PREFIX_HEADER = "$(SYSTEM_LIBRARY_DIR)/Frameworks/UIKit.framework/Headers/UIKit.h";
				INFOPLIST_FILE = "Unit Tests-Info.plist";
				INSTALL_PATH = "$(HOME)/Applications";
				OTHER_LDFLAGS = (
					"-framework",
					Foundation,
					"-framework",
					UIKit,
				);
				PREBINDING = NO;
				PRODUCT_NAME = "Unit Tests";
				SDKROOT = iphoneos2.2.1;
				ZERO_LINK = NO;
			};
			name = Release;
		};
		C01FCF4F08A954540054247B /* Debug */ = {
			isa = XCBuildConfiguration;
			buildSettings = {
				ARCHS = "$(ARCHS_STANDARD_32_BIT)";
				"CODE_SIGN_IDENTITY[sdk=iphoneos*]" = "iPhone Developer";
				GCC_C_LANGUAGE_STANDARD = c99;
				GCC_WARN_ABOUT_RETURN_TYPE = YES;
				GCC_WARN_UNUSED_VARIABLE = YES;
				ONLY_ACTIVE_ARCH = YES;
				PREBINDING = NO;
				SDKROOT = iphoneos2.2.1;
			};
			name = Debug;
		};
		C01FCF5008A954540054247B /* Release */ = {
			isa = XCBuildConfiguration;
			buildSettings = {
				ARCHS = "$(ARCHS_STANDARD_32_BIT)";
				"CODE_SIGN_IDENTITY[sdk=iphoneos*]" = "iPhone Developer";
				GCC_C_LANGUAGE_STANDARD = c99;
				GCC_WARN_ABOUT_RETURN_TYPE = YES;
				GCC_WARN_UNUSED_VARIABLE = YES;
				PREBINDING = NO;
				SDKROOT = iphoneos2.2.1;
			};
			name = Release;
		};
/* End XCBuildConfiguration section */

/* Begin XCConfigurationList section */
		1D6058960D05DD3E006BFB54 /* Build configuration list for PBXNativeTarget "iPhoneApp" */ = {
			isa = XCConfigurationList;
			buildConfigurations = (
				1D6058940D05DD3E006BFB54 /* Debug */,
				1D6058950D05DD3E006BFB54 /* Release */,
			);
			defaultConfigurationIsVisible = 0;
			defaultConfigurationName = Release;
		};
		B1B1CA460F3CC734001E3909 /* Build configuration list for PBXNativeTarget "Unit Tests" */ = {
			isa = XCConfigurationList;
			buildConfigurations = (
				B1B1CA440F3CC733001E3909 /* Debug */,
				B1B1CA450F3CC733001E3909 /* Release */,
			);
			defaultConfigurationIsVisible = 0;
			defaultConfigurationName = Release;
		};
		C01FCF4E08A954540054247B /* Build configuration list for PBXProject "iPhoneApp" */ = {
			isa = XCConfigurationList;
			buildConfigurations = (
				C01FCF4F08A954540054247B /* Debug */,
				C01FCF5008A954540054247B /* Release */,
			);
			defaultConfigurationIsVisible = 0;
			defaultConfigurationName = Release;
		};
/* End XCConfigurationList section */
	};
	rootObject = 29B97313FDCFA39411CA2CEA /* Project object */;
}
