// !$*UTF8*$!
{
	archiveVersion = 1;
	classes = {
	};
	objectVersion = 45;
	objects = {

/* Begin PBXBuildFile section */
		1D3623260D0F684500981E51 /* iPhoneAppAppDelegate.m in Sources */ = {isa = PBXBuildFile; fileRef = 1D3623250D0F684500981E51 /* iPhoneAppAppDelegate.m */; };
		1D60589B0D05DD56006BFB54 /* main.m in Sources */ = {isa = PBXBuildFile; fileRef = 29B97316FDCFA39411CA2CEA /* main.m */; };
		1D60589F0D05DD5A006BFB54 /* Foundation.framework in Frameworks */ = {isa = PBXBuildFile; fileRef = 1D30AB110D05D00D00671497 /* Foundation.framework */; };
		1DF5F4E00D08C38300B7A737 /* UIKit.framework in Frameworks */ = {isa = PBXBuildFile; fileRef = 1DF5F4DF0D08C38300B7A737 /* UIKit.framework */; };
		2892E4100DC94CBA00A64D0F /* CoreGraphics.framework in Frameworks */ = {isa = PBXBuildFile; fileRef = 2892E40F0DC94CBA00A64D0F /* CoreGraphics.framework */; };
		28AD73600D9D9599002E5188 /* MainWindow.xib in Resources */ = {isa = PBXBuildFile; fileRef = 28AD735F0D9D9599002E5188 /* MainWindow.xib */; };
		B15518400F6064150083985A /* GTMCALayer+UnitTesting.m in Sources */ = {isa = PBXBuildFile; fileRef = B15518320F6064150083985A /* GTMCALayer+UnitTesting.m */; };
		B15518410F6064150083985A /* GTMIPhoneUnitTestDelegate.m in Sources */ = {isa = PBXBuildFile; fileRef = B15518360F6064150083985A /* GTMIPhoneUnitTestDelegate.m */; };
		B15518420F6064150083985A /* GTMIPhoneUnitTestMain.m in Sources */ = {isa = PBXBuildFile; fileRef = B15518370F6064150083985A /* GTMIPhoneUnitTestMain.m */; };
		B15518430F6064150083985A /* GTMNSObject+UnitTesting.m in Sources */ = {isa = PBXBuildFile; fileRef = B15518390F6064150083985A /* GTMNSObject+UnitTesting.m */; };
		B15518440F6064150083985A /* GTMSenTestCase.m in Sources */ = {isa = PBXBuildFile; fileRef = B155183B0F6064150083985A /* GTMSenTestCase.m */; };
		B15518450F6064150083985A /* GTMSystemVersion.m in Sources */ = {isa = PBXBuildFile; fileRef = B155183D0F6064150083985A /* GTMSystemVersion.m */; };
		B15518460F6064150083985A /* GTMUIKit+UnitTesting.m in Sources */ = {isa = PBXBuildFile; fileRef = B155183F0F6064150083985A /* GTMUIKit+UnitTesting.m */; };
		B155196F0F6070F10083985A /* GameController.m in Sources */ = {isa = PBXBuildFile; fileRef = B155196E0F6070F10083985A /* GameController.m */; };
		B15519700F6070F10083985A /* GameController.m in Sources */ = {isa = PBXBuildFile; fileRef = B155196E0F6070F10083985A /* GameController.m */; };
		B15519960F6072540083985A /* background.pdf in Resources */ = {isa = PBXBuildFile; fileRef = B15519950F6072540083985A /* background.pdf */; };
		B155199A0F6072BA0083985A /* ImageLayer.m in Sources */ = {isa = PBXBuildFile; fileRef = B15519990F6072BA0083985A /* ImageLayer.m */; };
		B155199B0F6072BA0083985A /* ImageLayer.m in Sources */ = {isa = PBXBuildFile; fileRef = B15519990F6072BA0083985A /* ImageLayer.m */; };
		B15519BF0F6075D20083985A /* QuartzCore.framework in Frameworks */ = {isa = PBXBuildFile; fileRef = B15519BE0F6075D20083985A /* QuartzCore.framework */; };
		B15519C00F6075D20083985A /* QuartzCore.framework in Frameworks */ = {isa = PBXBuildFile; fileRef = B15519BE0F6075D20083985A /* QuartzCore.framework */; };
		B15519E40F60772C0083985A /* background.png in Resources */ = {isa = PBXBuildFile; fileRef = B15519E30F60772C0083985A /* background.png */; };
		B15519E50F60772C0083985A /* background.png in Resources */ = {isa = PBXBuildFile; fileRef = B15519E30F60772C0083985A /* background.png */; };
		B1B1CA5F0F3CC89D001E3909 /* UIKit.framework in Frameworks */ = {isa = PBXBuildFile; fileRef = 1DF5F4DF0D08C38300B7A737 /* UIKit.framework */; };
		B1B1CA600F3CC89F001E3909 /* Foundation.framework in Frameworks */ = {isa = PBXBuildFile; fileRef = 1D30AB110D05D00D00671497 /* Foundation.framework */; };
		B1B1CA610F3CC8A0001E3909 /* CoreGraphics.framework in Frameworks */ = {isa = PBXBuildFile; fileRef = 2892E40F0DC94CBA00A64D0F /* CoreGraphics.framework */; };
		B1B1CA6B0F3CCA0A001E3909 /* ExampleTest.m in Sources */ = {isa = PBXBuildFile; fileRef = B1B1CA6A0F3CCA0A001E3909 /* ExampleTest.m */; };
		B1B1CA730F3CCBA2001E3909 /* ExampleTest.testButton.iPhone.10.5.6.png in Resources */ = {isa = PBXBuildFile; fileRef = B1B1CA720F3CCBA2001E3909 /* ExampleTest.testButton.iPhone.10.5.6.png */; };
		B1B1CA840F3CCD40001E3909 /* OCMock.framework in Frameworks */ = {isa = PBXBuildFile; fileRef = B1B1CA830F3CCD40001E3909 /* OCMock.framework */; };
		B1B1CA890F3CCDAF001E3909 /* OCMock.framework in CopyFiles */ = {isa = PBXBuildFile; fileRef = B1B1CA830F3CCD40001E3909 /* OCMock.framework */; };
/* End PBXBuildFile section */

/* Begin PBXCopyFilesBuildPhase section */
		B1B1CA910F3CCDC7001E3909 /* CopyFiles */ = {
			isa = PBXCopyFilesBuildPhase;
			buildActionMask = 2147483647;
			dstPath = "";
			dstSubfolderSpec = 16;
			files = (
				B1B1CA890F3CCDAF001E3909 /* OCMock.framework in CopyFiles */,
			);
			runOnlyForDeploymentPostprocessing = 0;
		};
/* End PBXCopyFilesBuildPhase section */

/* Begin PBXFileReference section */
		1D30AB110D05D00D00671497 /* Foundation.framework */ = {isa = PBXFileReference; lastKnownFileType = wrapper.framework; name = Foundation.framework; path = System/Library/Frameworks/Foundation.framework; sourceTree = SDKROOT; };
		1D3623240D0F684500981E51 /* iPhoneAppAppDelegate.h */ = {isa = PBXFileReference; fileEncoding = 4; lastKnownFileType = sourcecode.c.h; path = iPhoneAppAppDelegate.h; sourceTree = "<group>"; };
		1D3623250D0F684500981E51 /* iPhoneAppAppDelegate.m */ = {isa = PBXFileReference; fileEncoding = 4; lastKnownFileType = sourcecode.c.objc; path = iPhoneAppAppDelegate.m; sourceTree = "<group>"; };
		1D6058910D05DD3D006BFB54 /* iPhoneApp.app */ = {isa = PBXFileReference; explicitFileType = wrapper.application; includeInIndex = 0; path = iPhoneApp.app; sourceTree = BUILT_PRODUCTS_DIR; };
		1DF5F4DF0D08C38300B7A737 /* UIKit.framework */ = {isa = PBXFileReference; lastKnownFileType = wrapper.framework; name = UIKit.framework; path = System/Library/Frameworks/UIKit.framework; sourceTree = SDKROOT; };
		2892E40F0DC94CBA00A64D0F /* CoreGraphics.framework */ = {isa = PBXFileReference; lastKnownFileType = wrapper.framework; name = CoreGraphics.framework; path = System/Library/Frameworks/CoreGraphics.framework; sourceTree = SDKROOT; };
		28A0AAE50D9B0CCF005BE974 /* iPhoneApp_Prefix.pch */ = {isa = PBXFileReference; fileEncoding = 4; lastKnownFileType = sourcecode.c.h; path = iPhoneApp_Prefix.pch; sourceTree = "<group>"; };
		28AD735F0D9D9599002E5188 /* MainWindow.xib */ = {isa = PBXFileReference; lastKnownFileType = file.xib; path = MainWindow.xib; sourceTree = "<group>"; };
		29B97316FDCFA39411CA2CEA /* main.m */ = {isa = PBXFileReference; fileEncoding = 4; lastKnownFileType = sourcecode.c.objc; path = main.m; sourceTree = "<group>"; };
		8D1107310486CEB800E47090 /* Info.plist */ = {isa = PBXFileReference; fileEncoding = 4; lastKnownFileType = text.plist.xml; path = Info.plist; sourceTree = "<group>"; };
		B15518310F6064150083985A /* GTMCALayer+UnitTesting.h */ = {isa = PBXFileReference; fileEncoding = 4; lastKnownFileType = sourcecode.c.h; path = "GTMCALayer+UnitTesting.h"; sourceTree = "<group>"; };
		B15518320F6064150083985A /* GTMCALayer+UnitTesting.m */ = {isa = PBXFileReference; fileEncoding = 4; lastKnownFileType = sourcecode.c.objc; path = "GTMCALayer+UnitTesting.m"; sourceTree = "<group>"; };
		B15518330F6064150083985A /* GTMDefines.h */ = {isa = PBXFileReference; fileEncoding = 4; lastKnownFileType = sourcecode.c.h; path = GTMDefines.h; sourceTree = "<group>"; };
		B15518340F6064150083985A /* GTMGarbageCollection.h */ = {isa = PBXFileReference; fileEncoding = 4; lastKnownFileType = sourcecode.c.h; path = GTMGarbageCollection.h; sourceTree = "<group>"; };
		B15518350F6064150083985A /* GTMIPhoneUnitTestDelegate.h */ = {isa = PBXFileReference; fileEncoding = 4; lastKnownFileType = sourcecode.c.h; path = GTMIPhoneUnitTestDelegate.h; sourceTree = "<group>"; };
		B15518360F6064150083985A /* GTMIPhoneUnitTestDelegate.m */ = {isa = PBXFileReference; fileEncoding = 4; lastKnownFileType = sourcecode.c.objc; path = GTMIPhoneUnitTestDelegate.m; sourceTree = "<group>"; };
		B15518370F6064150083985A /* GTMIPhoneUnitTestMain.m */ = {isa = PBXFileReference; fileEncoding = 4; lastKnownFileType = sourcecode.c.objc; path = GTMIPhoneUnitTestMain.m; sourceTree = "<group>"; };
		B15518380F6064150083985A /* GTMNSObject+UnitTesting.h */ = {isa = PBXFileReference; fileEncoding = 4; lastKnownFileType = sourcecode.c.h; path = "GTMNSObject+UnitTesting.h"; sourceTree = "<group>"; };
		B15518390F6064150083985A /* GTMNSObject+UnitTesting.m */ = {isa = PBXFileReference; fileEncoding = 4; lastKnownFileType = sourcecode.c.objc; path = "GTMNSObject+UnitTesting.m"; sourceTree = "<group>"; };
		B155183A0F6064150083985A /* GTMSenTestCase.h */ = {isa = PBXFileReference; fileEncoding = 4; lastKnownFileType = sourcecode.c.h; path = GTMSenTestCase.h; sourceTree = "<group>"; };
		B155183B0F6064150083985A /* GTMSenTestCase.m */ = {isa = PBXFileReference; fileEncoding = 4; lastKnownFileType = sourcecode.c.objc; path = GTMSenTestCase.m; sourceTree = "<group>"; };
		B155183C0F6064150083985A /* GTMSystemVersion.h */ = {isa = PBXFileReference; fileEncoding = 4; lastKnownFileType = sourcecode.c.h; path = GTMSystemVersion.h; sourceTree = "<group>"; };
		B155183D0F6064150083985A /* GTMSystemVersion.m */ = {isa = PBXFileReference; fileEncoding = 4; lastKnownFileType = sourcecode.c.objc; path = GTMSystemVersion.m; sourceTree = "<group>"; };
		B155183E0F6064150083985A /* GTMUIKit+UnitTesting.h */ = {isa = PBXFileReference; fileEncoding = 4; lastKnownFileType = sourcecode.c.h; path = "GTMUIKit+UnitTesting.h"; sourceTree = "<group>"; };
		B155183F0F6064150083985A /* GTMUIKit+UnitTesting.m */ = {isa = PBXFileReference; fileEncoding = 4; lastKnownFileType = sourcecode.c.objc; path = "GTMUIKit+UnitTesting.m"; sourceTree = "<group>"; };
		B155196D0F6070F10083985A /* GameController.h */ = {isa = PBXFileReference; fileEncoding = 4; lastKnownFileType = sourcecode.c.h; path = GameController.h; sourceTree = "<group>"; };
		B155196E0F6070F10083985A /* GameController.m */ = {isa = PBXFileReference; fileEncoding = 4; lastKnownFileType = sourcecode.c.objc; path = GameController.m; sourceTree = "<group>"; };
		B15519950F6072540083985A /* background.pdf */ = {isa = PBXFileReference; lastKnownFileType = image.pdf; path = background.pdf; sourceTree = "<group>"; };
		B15519980F6072BA0083985A /* ImageLayer.h */ = {isa = PBXFileReference; fileEncoding = 4; lastKnownFileType = sourcecode.c.h; path = ImageLayer.h; sourceTree = "<group>"; };
		B15519990F6072BA0083985A /* ImageLayer.m */ = {isa = PBXFileReference; fileEncoding = 4; lastKnownFileType = sourcecode.c.objc; path = ImageLayer.m; sourceTree = "<group>"; };
		B15519BE0F6075D20083985A /* QuartzCore.framework */ = {isa = PBXFileReference; lastKnownFileType = wrapper.framework; name = QuartzCore.framework; path = System/Library/Frameworks/QuartzCore.framework; sourceTree = SDKROOT; };
		B15519E30F60772C0083985A /* background.png */ = {isa = PBXFileReference; lastKnownFileType = image.png; path = background.png; sourceTree = "<group>"; };
		B1B1CA410F3CC72E001E3909 /* Unit Tests.app */ = {isa = PBXFileReference; explicitFileType = wrapper.application; includeInIndex = 0; path = "Unit Tests.app"; sourceTree = BUILT_PRODUCTS_DIR; };
		B1B1CA430F3CC72F001E3909 /* Unit Tests-Info.plist */ = {isa = PBXFileReference; lastKnownFileType = text.plist.xml; path = "Unit Tests-Info.plist"; sourceTree = "<group>"; };
		B1B1CA6A0F3CCA0A001E3909 /* ExampleTest.m */ = {isa = PBXFileReference; fileEncoding = 4; lastKnownFileType = sourcecode.c.objc; path = ExampleTest.m; sourceTree = "<group>"; };
		B1B1CA720F3CCBA2001E3909 /* ExampleTest.testButton.iPhone.10.5.6.png */ = {isa = PBXFileReference; lastKnownFileType = image.png; path = ExampleTest.testButton.iPhone.10.5.6.png; sourceTree = "<group>"; };
		B1B1CA830F3CCD40001E3909 /* OCMock.framework */ = {isa = PBXFileReference; lastKnownFileType = wrapper.framework; path = OCMock.framework; sourceTree = "<group>"; };
/* End PBXFileReference section */

/* Begin PBXFrameworksBuildPhase section */
		1D60588F0D05DD3D006BFB54 /* Frameworks */ = {
			isa = PBXFrameworksBuildPhase;
			buildActionMask = 2147483647;
			files = (
				1D60589F0D05DD5A006BFB54 /* Foundation.framework in Frameworks */,
				1DF5F4E00D08C38300B7A737 /* UIKit.framework in Frameworks */,
				2892E4100DC94CBA00A64D0F /* CoreGraphics.framework in Frameworks */,
				B15519BF0F6075D20083985A /* QuartzCore.framework in Frameworks */,
			);
			runOnlyForDeploymentPostprocessing = 0;
		};
		B1B1CA3F0F3CC72E001E3909 /* Frameworks */ = {
			isa = PBXFrameworksBuildPhase;
			buildActionMask = 2147483647;
			files = (
				B1B1CA5F0F3CC89D001E3909 /* UIKit.framework in Frameworks */,
				B1B1CA600F3CC89F001E3909 /* Foundation.framework in Frameworks */,
				B1B1CA610F3CC8A0001E3909 /* CoreGraphics.framework in Frameworks */,
				B1B1CA840F3CCD40001E3909 /* OCMock.framework in Frameworks */,
				B15519C00F6075D20083985A /* QuartzCore.framework in Frameworks */,
			);
			runOnlyForDeploymentPostprocessing = 0;
		};
/* End PBXFrameworksBuildPhase section */

/* Begin PBXGroup section */
		080E96DDFE201D6D7F000001 /* Classes */ = {
			isa = PBXGroup;
			children = (
				B15519970F6072AD0083985A /* Layers */,
				1D3623240D0F684500981E51 /* iPhoneAppAppDelegate.h */,
				1D3623250D0F684500981E51 /* iPhoneAppAppDelegate.m */,
				B155196D0F6070F10083985A /* GameController.h */,
				B155196E0F6070F10083985A /* GameController.m */,
			);
			path = Classes;
			sourceTree = "<group>";
		};
		19C28FACFE9D520D11CA2CBB /* Products */ = {
			isa = PBXGroup;
			children = (
				1D6058910D05DD3D006BFB54 /* iPhoneApp.app */,
				B1B1CA410F3CC72E001E3909 /* Unit Tests.app */,
			);
			name = Products;
			sourceTree = "<group>";
		};
		29B97314FDCFA39411CA2CEA /* CustomTemplate */ = {
			isa = PBXGroup;
			children = (
				080E96DDFE201D6D7F000001 /* Classes */,
				B1B1CA670F3CC916001E3909 /* Tests */,
				29B97315FDCFA39411CA2CEA /* Other Sources */,
				29B97317FDCFA39411CA2CEA /* Resources */,
				29B97323FDCFA39411CA2CEA /* Frameworks */,
				19C28FACFE9D520D11CA2CBB /* Products */,
			);
			name = CustomTemplate;
			sourceTree = "<group>";
		};
		29B97315FDCFA39411CA2CEA /* Other Sources */ = {
			isa = PBXGroup;
			children = (
				B155182F0F6063E80083985A /* gtm-iphone-1.5.1.0 */,
				28A0AAE50D9B0CCF005BE974 /* iPhoneApp_Prefix.pch */,
				29B97316FDCFA39411CA2CEA /* main.m */,
			);
			name = "Other Sources";
			sourceTree = "<group>";
		};
		29B97317FDCFA39411CA2CEA /* Resources */ = {
			isa = PBXGroup;
			children = (
				B15519E30F60772C0083985A /* background.png */,
				B15519950F6072540083985A /* background.pdf */,
				28AD735F0D9D9599002E5188 /* MainWindow.xib */,
				8D1107310486CEB800E47090 /* Info.plist */,
				B1B1CA430F3CC72F001E3909 /* Unit Tests-Info.plist */,
			);
			name = Resources;
			sourceTree = "<group>";
		};
		29B97323FDCFA39411CA2CEA /* Frameworks */ = {
			isa = PBXGroup;
			children = (
				B15519BE0F6075D20083985A /* QuartzCore.framework */,
				B1B1CA830F3CCD40001E3909 /* OCMock.framework */,
				1DF5F4DF0D08C38300B7A737 /* UIKit.framework */,
				1D30AB110D05D00D00671497 /* Foundation.framework */,
				2892E40F0DC94CBA00A64D0F /* CoreGraphics.framework */,
			);
			name = Frameworks;
			sourceTree = "<group>";
		};
		B155182F0F6063E80083985A /* gtm-iphone-1.5.1.0 */ = {
			isa = PBXGroup;
			children = (
				B15518310F6064150083985A /* GTMCALayer+UnitTesting.h */,
				B15518320F6064150083985A /* GTMCALayer+UnitTesting.m */,
				B15518330F6064150083985A /* GTMDefines.h */,
				B15518340F6064150083985A /* GTMGarbageCollection.h */,
				B15518350F6064150083985A /* GTMIPhoneUnitTestDelegate.h */,
				B15518360F6064150083985A /* GTMIPhoneUnitTestDelegate.m */,
				B15518370F6064150083985A /* GTMIPhoneUnitTestMain.m */,
				B15518380F6064150083985A /* GTMNSObject+UnitTesting.h */,
				B15518390F6064150083985A /* GTMNSObject+UnitTesting.m */,
				B155183A0F6064150083985A /* GTMSenTestCase.h */,
				B155183B0F6064150083985A /* GTMSenTestCase.m */,
				B155183C0F6064150083985A /* GTMSystemVersion.h */,
				B155183D0F6064150083985A /* GTMSystemVersion.m */,
				B155183E0F6064150083985A /* GTMUIKit+UnitTesting.h */,
				B155183F0F6064150083985A /* GTMUIKit+UnitTesting.m */,
			);
			name = "gtm-iphone-1.5.1.0";
			path = "lib/gtm-iphone-1.5.1.0";
			sourceTree = "<group>";
		};
		B15519970F6072AD0083985A /* Layers */ = {
			isa = PBXGroup;
			children = (
				B15519980F6072BA0083985A /* ImageLayer.h */,
				B15519990F6072BA0083985A /* ImageLayer.m */,
			);
			name = Layers;
			sourceTree = "<group>";
		};
		B1B1CA670F3CC916001E3909 /* Tests */ = {
			isa = PBXGroup;
			children = (
				B1B1CA720F3CCBA2001E3909 /* ExampleTest.testButton.iPhone.10.5.6.png */,
				B1B1CA6A0F3CCA0A001E3909 /* ExampleTest.m */,
			);
			path = Tests;
			sourceTree = "<group>";
		};
/* End PBXGroup section */

/* Begin PBXNativeTarget section */
		1D6058900D05DD3D006BFB54 /* iPhoneApp */ = {
			isa = PBXNativeTarget;
			buildConfigurationList = 1D6058960D05DD3E006BFB54 /* Build configuration list for PBXNativeTarget "iPhoneApp" */;
			buildPhases = (
				1D60588D0D05DD3D006BFB54 /* Resources */,
				1D60588E0D05DD3D006BFB54 /* Sources */,
				1D60588F0D05DD3D006BFB54 /* Frameworks */,
			);
			buildRules = (
			);
			dependencies = (
			);
			name = iPhoneApp;
			productName = iPhoneApp;
			productReference = 1D6058910D05DD3D006BFB54 /* iPhoneApp.app */;
			productType = "com.apple.product-type.application";
		};
		B1B1CA400F3CC72E001E3909 /* Unit Tests */ = {
			isa = PBXNativeTarget;
			buildConfigurationList = B1B1CA460F3CC734001E3909 /* Build configuration list for PBXNativeTarget "Unit Tests" */;
			buildPhases = (
				B1B1CA3D0F3CC72E001E3909 /* Resources */,
				B1B1CA3E0F3CC72E001E3909 /* Sources */,
				B1B1CA910F3CCDC7001E3909 /* CopyFiles */,
				B1B1CA3F0F3CC72E001E3909 /* Frameworks */,
				B1B1CA630F3CC8C0001E3909 /* ShellScript */,
			);
			buildRules = (
			);
			dependencies = (
			);
			name = "Unit Tests";
			productName = "Unit Tests";
			productReference = B1B1CA410F3CC72E001E3909 /* Unit Tests.app */;
			productType = "com.apple.product-type.application";
		};
/* End PBXNativeTarget section */

/* Begin PBXProject section */
		29B97313FDCFA39411CA2CEA /* Project object */ = {
			isa = PBXProject;
			buildConfigurationList = C01FCF4E08A954540054247B /* Build configuration list for PBXProject "iPhoneApp" */;
			compatibilityVersion = "Xcode 3.1";
			hasScannedForEncodings = 1;
			knownRegions = (
				English,
				Japanese,
				French,
				German,
				en,
			);
			mainGroup = 29B97314FDCFA39411CA2CEA /* CustomTemplate */;
			projectDirPath = "";
			projectRoot = "";
			targets = (
				1D6058900D05DD3D006BFB54 /* iPhoneApp */,
				B1B1CA400F3CC72E001E3909 /* Unit Tests */,
			);
		};
/* End PBXProject section */

/* Begin PBXResourcesBuildPhase section */
		1D60588D0D05DD3D006BFB54 /* Resources */ = {
			isa = PBXResourcesBuildPhase;
			buildActionMask = 2147483647;
			files = (
				28AD73600D9D9599002E5188 /* MainWindow.xib in Resources */,
				B15519960F6072540083985A /* background.pdf in Resources */,
				B15519E40F60772C0083985A /* background.png in Resources */,
			);
			runOnlyForDeploymentPostprocessing = 0;
		};
		B1B1CA3D0F3CC72E001E3909 /* Resources */ = {
			isa = PBXResourcesBuildPhase;
			buildActionMask = 2147483647;
			files = (
				B1B1CA730F3CCBA2001E3909 /* ExampleTest.testButton.iPhone.10.5.6.png in Resources */,
				B15519E50F60772C0083985A /* background.png in Resources */,
			);
			runOnlyForDeploymentPostprocessing = 0;
		};
/* End PBXResourcesBuildPhase section */

/* Begin PBXShellScriptBuildPhase section */
		B1B1CA630F3CC8C0001E3909 /* ShellScript */ = {
			isa = PBXShellScriptBuildPhase;
			buildActionMask = 2147483647;
			files = (
			);
			inputPaths = (
			);
			outputPaths = (
			);
			runOnlyForDeploymentPostprocessing = 0;
			shellPath = /bin/sh;
			shellScript = "lib/gtm-iphone-1.5.1.0/RunIPhoneUnitTest.sh";
		};
/* End PBXShellScriptBuildPhase section */

/* Begin PBXSourcesBuildPhase section */
		1D60588E0D05DD3D006BFB54 /* Sources */ = {
			isa = PBXSourcesBuildPhase;
			buildActionMask = 2147483647;
			files = (
				1D60589B0D05DD56006BFB54 /* main.m in Sources */,
				1D3623260D0F684500981E51 /* iPhoneAppAppDelegate.m in Sources */,
				B155196F0F6070F10083985A /* GameController.m in Sources */,
				B155199A0F6072BA0083985A /* ImageLayer.m in Sources */,
			);
			runOnlyForDeploymentPostprocessing = 0;
		};
		B1B1CA3E0F3CC72E001E3909 /* Sources */ = {
			isa = PBXSourcesBuildPhase;
			buildActionMask = 2147483647;
			files = (
				B1B1CA6B0F3CCA0A001E3909 /* ExampleTest.m in Sources */,
				B15518400F6064150083985A /* GTMCALayer+UnitTesting.m in Sources */,
				B15518410F6064150083985A /* GTMIPhoneUnitTestDelegate.m in Sources */,
				B15518420F6064150083985A /* GTMIPhoneUnitTestMain.m in Sources */,
				B15518430F6064150083985A /* GTMNSObject+UnitTesting.m in Sources */,
				B15518440F6064150083985A /* GTMSenTestCase.m in Sources */,
				B15518450F6064150083985A /* GTMSystemVersion.m in Sources */,
				B15518460F6064150083985A /* GTMUIKit+UnitTesting.m in Sources */,
				B15519700F6070F10083985A /* GameController.m in Sources */,
				B155199B0F6072BA0083985A /* ImageLayer.m in Sources */,
			);
			runOnlyForDeploymentPostprocessing = 0;
		};
/* End PBXSourcesBuildPhase section */

/* Begin XCBuildConfiguration section */
		1D6058940D05DD3E006BFB54 /* Debug */ = {
			isa = XCBuildConfiguration;
			buildSettings = {
				ALWAYS_SEARCH_USER_PATHS = NO;
				COPY_PHASE_STRIP = NO;
				GCC_DYNAMIC_NO_PIC = NO;
				GCC_OPTIMIZATION_LEVEL = 0;
				GCC_PRECOMPILE_PREFIX_HEADER = YES;
				GCC_PREFIX_HEADER = iPhoneApp_Prefix.pch;
				INFOPLIST_FILE = Info.plist;
				PRODUCT_NAME = iPhoneApp;
			};
			name = Debug;
		};
		1D6058950D05DD3E006BFB54 /* Release */ = {
			isa = XCBuildConfiguration;
			buildSettings = {
				ALWAYS_SEARCH_USER_PATHS = NO;
				COPY_PHASE_STRIP = YES;
				GCC_PRECOMPILE_PREFIX_HEADER = YES;
				GCC_PREFIX_HEADER = iPhoneApp_Prefix.pch;
				INFOPLIST_FILE = Info.plist;
				PRODUCT_NAME = iPhoneApp;
			};
			name = Release;
		};
		B1B1CA440F3CC733001E3909 /* Debug */ = {
			isa = XCBuildConfiguration;
			buildSettings = {
				ALWAYS_SEARCH_USER_PATHS = NO;
				CODE_SIGN_IDENTITY = "iPhone Developer";
				COPY_PHASE_STRIP = NO;
				FRAMEWORK_SEARCH_PATHS = (
					"$(inherited)",
					"\"$(SRCROOT)\"",
				);
				GCC_DYNAMIC_NO_PIC = NO;
				GCC_OPTIMIZATION_LEVEL = 0;
				GCC_PRECOMPILE_PREFIX_HEADER = YES;
				GCC_PREFIX_HEADER = "$(SYSTEM_LIBRARY_DIR)/Frameworks/UIKit.framework/Headers/UIKit.h";
				INFOPLIST_FILE = "Unit Tests-Info.plist";
				INSTALL_PATH = "$(HOME)/Applications";
				OTHER_LDFLAGS = (
					"-framework",
					Foundation,
					"-framework",
					UIKit,
				);
				PREBINDING = NO;
				PRODUCT_NAME = "Unit Tests";
				SDKROOT = iphoneos2.2.1;
			};
			name = Debug;
		};
		B1B1CA450F3CC733001E3909 /* Release */ = {
			isa = XCBuildConfiguration;
			buildSettings = {
				ALWAYS_SEARCH_USER_PATHS = NO;
				CODE_SIGN_IDENTITY = "iPhone Developer";
				COPY_PHASE_STRIP = YES;
				DEBUG_INFORMATION_FORMAT = "dwarf-with-dsym";
				FRAMEWORK_SEARCH_PATHS = (
					"$(inherited)",
					"\"$(SRCROOT)\"",
				);
				GCC_ENABLE_FIX_AND_CONTINUE = NO;
				GCC_PRECOMPILE_PREFIX_HEADER = YES;
				GCC_PREFIX_HEADER = "$(SYSTEM_LIBRARY_DIR)/Frameworks/UIKit.framework/Headers/UIKit.h";
				INFOPLIST_FILE = "Unit Tests-Info.plist";
				INSTALL_PATH = "$(HOME)/Applications";
				OTHER_LDFLAGS = (
					"-framework",
					Foundation,
					"-framework",
					UIKit,
				);
				PREBINDING = NO;
				PRODUCT_NAME = "Unit Tests";
				SDKROOT = iphoneos2.2.1;
				ZERO_LINK = NO;
			};
			name = Release;
		};
		C01FCF4F08A954540054247B /* Debug */ = {
			isa = XCBuildConfiguration;
			buildSettings = {
				ARCHS = "$(ARCHS_STANDARD_32_BIT)";
				"CODE_SIGN_IDENTITY[sdk=iphoneos*]" = "iPhone Developer";
				GCC_C_LANGUAGE_STANDARD = c99;
				GCC_WARN_ABOUT_RETURN_TYPE = YES;
				GCC_WARN_UNUSED_VARIABLE = YES;
				ONLY_ACTIVE_ARCH = YES;
				PREBINDING = NO;
				SDKROOT = iphoneos2.2.1;
			};
			name = Debug;
		};
		C01FCF5008A954540054247B /* Release */ = {
			isa = XCBuildConfiguration;
			buildSettings = {
				ARCHS = "$(ARCHS_STANDARD_32_BIT)";
				"CODE_SIGN_IDENTITY[sdk=iphoneos*]" = "iPhone Developer";
				GCC_C_LANGUAGE_STANDARD = c99;
				GCC_WARN_ABOUT_RETURN_TYPE = YES;
				GCC_WARN_UNUSED_VARIABLE = YES;
				PREBINDING = NO;
				SDKROOT = iphoneos2.2.1;
			};
			name = Release;
		};
/* End XCBuildConfiguration section */

/* Begin XCConfigurationList section */
		1D6058960D05DD3E006BFB54 /* Build configuration list for PBXNativeTarget "iPhoneApp" */ = {
			isa = XCConfigurationList;
			buildConfigurations = (
				1D6058940D05DD3E006BFB54 /* Debug */,
				1D6058950D05DD3E006BFB54 /* Release */,
			);
			defaultConfigurationIsVisible = 0;
			defaultConfigurationName = Release;
		};
		B1B1CA460F3CC734001E3909 /* Build configuration list for PBXNativeTarget "Unit Tests" */ = {
			isa = XCConfigurationList;
			buildConfigurations = (
				B1B1CA440F3CC733001E3909 /* Debug */,
				B1B1CA450F3CC733001E3909 /* Release */,
			);
			defaultConfigurationIsVisible = 0;
			defaultConfigurationName = Release;
		};
		C01FCF4E08A954540054247B /* Build configuration list for PBXProject "iPhoneApp" */ = {
			isa = XCConfigurationList;
			buildConfigurations = (
				C01FCF4F08A954540054247B /* Debug */,
				C01FCF5008A954540054247B /* Release */,
			);
			defaultConfigurationIsVisible = 0;
			defaultConfigurationName = Release;
		};
/* End XCConfigurationList section */
	};
	rootObject = 29B97313FDCFA39411CA2CEA /* Project object */;
}
