// !$*UTF8*$!
{
	archiveVersion = 1;
	classes = {
	};
	objectVersion = 45;
	objects = {

/* Begin PBXBuildFile section */
		1D3623260D0F684500981E51 /* AppDelegate.m in Sources */ = {isa = PBXBuildFile; fileRef = 1D3623250D0F684500981E51 /* AppDelegate.m */; };
		1D60589B0D05DD56006BFB54 /* main.m in Sources */ = {isa = PBXBuildFile; fileRef = 29B97316FDCFA39411CA2CEA /* main.m */; };
		1D60589F0D05DD5A006BFB54 /* Foundation.framework in Frameworks */ = {isa = PBXBuildFile; fileRef = 1D30AB110D05D00D00671497 /* Foundation.framework */; };
		1DF5F4E00D08C38300B7A737 /* UIKit.framework in Frameworks */ = {isa = PBXBuildFile; fileRef = 1DF5F4DF0D08C38300B7A737 /* UIKit.framework */; };
		2892E4100DC94CBA00A64D0F /* CoreGraphics.framework in Frameworks */ = {isa = PBXBuildFile; fileRef = 2892E40F0DC94CBA00A64D0F /* CoreGraphics.framework */; };
		2899E5600DE3E45000AC0155 /* RootViewController.xib in Resources */ = {isa = PBXBuildFile; fileRef = 2899E55F0DE3E45000AC0155 /* RootViewController.xib */; };
		28AD73600D9D9599002E5188 /* MainWindow.xib in Resources */ = {isa = PBXBuildFile; fileRef = 28AD735F0D9D9599002E5188 /* MainWindow.xib */; };
		28C286E10D94DF7D0034E888 /* RootViewController.m in Sources */ = {isa = PBXBuildFile; fileRef = 28C286E00D94DF7D0034E888 /* RootViewController.m */; };
		B19CBC760F92D23200746225 /* GTMSystemVersion.m in Sources */ = {isa = PBXBuildFile; fileRef = B19CBC680F92D23200746225 /* GTMSystemVersion.m */; };
		B19CBC770F92D23200746225 /* GTMCALayer+UnitTesting.m in Sources */ = {isa = PBXBuildFile; fileRef = B19CBC6C0F92D23200746225 /* GTMCALayer+UnitTesting.m */; };
		B19CBC780F92D23200746225 /* GTMIPhoneUnitTestDelegate.m in Sources */ = {isa = PBXBuildFile; fileRef = B19CBC6E0F92D23200746225 /* GTMIPhoneUnitTestDelegate.m */; };
		B19CBC790F92D23200746225 /* GTMIPhoneUnitTestMain.m in Sources */ = {isa = PBXBuildFile; fileRef = B19CBC6F0F92D23200746225 /* GTMIPhoneUnitTestMain.m */; };
		B19CBC7A0F92D23200746225 /* GTMNSObject+UnitTesting.m in Sources */ = {isa = PBXBuildFile; fileRef = B19CBC710F92D23200746225 /* GTMNSObject+UnitTesting.m */; };
		B19CBC7B0F92D23200746225 /* GTMSenTestCase.m in Sources */ = {isa = PBXBuildFile; fileRef = B19CBC730F92D23200746225 /* GTMSenTestCase.m */; };
		B19CBC7C0F92D23200746225 /* GTMUIKit+UnitTesting.m in Sources */ = {isa = PBXBuildFile; fileRef = B19CBC750F92D23200746225 /* GTMUIKit+UnitTesting.m */; };
		B19CBC7F0F92D2E500746225 /* RunIPhoneUnitTest.sh in Resources */ = {isa = PBXBuildFile; fileRef = B19CBC7E0F92D2E500746225 /* RunIPhoneUnitTest.sh */; };
		B19CBCA20F92D37C00746225 /* UIKit.framework in Frameworks */ = {isa = PBXBuildFile; fileRef = 1DF5F4DF0D08C38300B7A737 /* UIKit.framework */; };
		B19CBCA30F92D37D00746225 /* Foundation.framework in Frameworks */ = {isa = PBXBuildFile; fileRef = 1D30AB110D05D00D00671497 /* Foundation.framework */; };
		B19CBCA40F92D37E00746225 /* CoreGraphics.framework in Frameworks */ = {isa = PBXBuildFile; fileRef = 2892E40F0DC94CBA00A64D0F /* CoreGraphics.framework */; };
		B19CBCB10F92F4EB00746225 /* ExampleTest.m in Sources */ = {isa = PBXBuildFile; fileRef = B19CBCB00F92F4EB00746225 /* ExampleTest.m */; };
		B19CBCC30F93094300746225 /* OCMock.framework in Frameworks */ = {isa = PBXBuildFile; fileRef = B19CBCC20F93094300746225 /* OCMock.framework */; };
		B19CBCD20F9309D600746225 /* OCMock.framework in CopyFiles */ = {isa = PBXBuildFile; fileRef = B19CBCC20F93094300746225 /* OCMock.framework */; };
		B19CBCDA0F93D01600746225 /* ExampleTest.testButton.iPhone.10.5.6.png in Resources */ = {isa = PBXBuildFile; fileRef = B19CBCD90F93D01600746225 /* ExampleTest.testButton.iPhone.10.5.6.png */; };
/* End PBXBuildFile section */

/* Begin PBXCopyFilesBuildPhase section */
		B19CBCD70F9309E400746225 /* CopyFiles */ = {
			isa = PBXCopyFilesBuildPhase;
			buildActionMask = 2147483647;
			dstPath = "";
			dstSubfolderSpec = 16;
			files = (
				B19CBCD20F9309D600746225 /* OCMock.framework in CopyFiles */,
			);
			runOnlyForDeploymentPostprocessing = 0;
		};
/* End PBXCopyFilesBuildPhase section */

/* Begin PBXFileReference section */
		1D30AB110D05D00D00671497 /* Foundation.framework */ = {isa = PBXFileReference; lastKnownFileType = wrapper.framework; name = Foundation.framework; path = System/Library/Frameworks/Foundation.framework; sourceTree = SDKROOT; };
		1D3623240D0F684500981E51 /* AppDelegate.h */ = {isa = PBXFileReference; fileEncoding = 4; lastKnownFileType = sourcecode.c.h; path = AppDelegate.h; sourceTree = "<group>"; };
		1D3623250D0F684500981E51 /* AppDelegate.m */ = {isa = PBXFileReference; fileEncoding = 4; lastKnownFileType = sourcecode.c.objc; path = AppDelegate.m; sourceTree = "<group>"; };
		1D6058910D05DD3D006BFB54 /* MyNewProject.app */ = {isa = PBXFileReference; explicitFileType = wrapper.application; includeInIndex = 0; path = MyNewProject.app; sourceTree = BUILT_PRODUCTS_DIR; };
		1DF5F4DF0D08C38300B7A737 /* UIKit.framework */ = {isa = PBXFileReference; lastKnownFileType = wrapper.framework; name = UIKit.framework; path = System/Library/Frameworks/UIKit.framework; sourceTree = SDKROOT; };
		2892E40F0DC94CBA00A64D0F /* CoreGraphics.framework */ = {isa = PBXFileReference; lastKnownFileType = wrapper.framework; name = CoreGraphics.framework; path = System/Library/Frameworks/CoreGraphics.framework; sourceTree = SDKROOT; };
		2899E55F0DE3E45000AC0155 /* RootViewController.xib */ = {isa = PBXFileReference; lastKnownFileType = file.xib; path = RootViewController.xib; sourceTree = "<group>"; };
		28A0AAE50D9B0CCF005BE974 /* MyNewProject_Prefix.pch */ = {isa = PBXFileReference; fileEncoding = 4; lastKnownFileType = sourcecode.c.h; path = MyNewProject_Prefix.pch; sourceTree = "<group>"; };
		28AD735F0D9D9599002E5188 /* MainWindow.xib */ = {isa = PBXFileReference; lastKnownFileType = file.xib; path = MainWindow.xib; sourceTree = "<group>"; };
		28C286DF0D94DF7D0034E888 /* RootViewController.h */ = {isa = PBXFileReference; fileEncoding = 4; lastKnownFileType = sourcecode.c.h; path = RootViewController.h; sourceTree = "<group>"; };
		28C286E00D94DF7D0034E888 /* RootViewController.m */ = {isa = PBXFileReference; fileEncoding = 4; lastKnownFileType = sourcecode.c.objc; path = RootViewController.m; sourceTree = "<group>"; };
		29B97316FDCFA39411CA2CEA /* main.m */ = {isa = PBXFileReference; fileEncoding = 4; lastKnownFileType = sourcecode.c.objc; path = main.m; sourceTree = "<group>"; };
		8D1107310486CEB800E47090 /* Info.plist */ = {isa = PBXFileReference; fileEncoding = 4; lastKnownFileType = text.plist.xml; path = Info.plist; sourceTree = "<group>"; };
		B19CBC5D0F92CDE600746225 /* Unit Tests.app */ = {isa = PBXFileReference; explicitFileType = wrapper.application; includeInIndex = 0; path = "Unit Tests.app"; sourceTree = BUILT_PRODUCTS_DIR; };
		B19CBC5F0F92CDE600746225 /* Unit Tests-Info.plist */ = {isa = PBXFileReference; lastKnownFileType = text.plist.xml; path = "Unit Tests-Info.plist"; sourceTree = "<group>"; };
		B19CBC660F92D23200746225 /* GTMGarbageCollection.h */ = {isa = PBXFileReference; fileEncoding = 4; lastKnownFileType = sourcecode.c.h; path = GTMGarbageCollection.h; sourceTree = "<group>"; };
		B19CBC670F92D23200746225 /* GTMSystemVersion.h */ = {isa = PBXFileReference; fileEncoding = 4; lastKnownFileType = sourcecode.c.h; path = GTMSystemVersion.h; sourceTree = "<group>"; };
		B19CBC680F92D23200746225 /* GTMSystemVersion.m */ = {isa = PBXFileReference; fileEncoding = 4; lastKnownFileType = sourcecode.c.objc; path = GTMSystemVersion.m; sourceTree = "<group>"; };
		B19CBC690F92D23200746225 /* GTMDefines.h */ = {isa = PBXFileReference; fileEncoding = 4; lastKnownFileType = sourcecode.c.h; path = GTMDefines.h; sourceTree = "<group>"; };
		B19CBC6B0F92D23200746225 /* GTMCALayer+UnitTesting.h */ = {isa = PBXFileReference; fileEncoding = 4; lastKnownFileType = sourcecode.c.h; path = "GTMCALayer+UnitTesting.h"; sourceTree = "<group>"; };
		B19CBC6C0F92D23200746225 /* GTMCALayer+UnitTesting.m */ = {isa = PBXFileReference; fileEncoding = 4; lastKnownFileType = sourcecode.c.objc; path = "GTMCALayer+UnitTesting.m"; sourceTree = "<group>"; };
		B19CBC6D0F92D23200746225 /* GTMIPhoneUnitTestDelegate.h */ = {isa = PBXFileReference; fileEncoding = 4; lastKnownFileType = sourcecode.c.h; path = GTMIPhoneUnitTestDelegate.h; sourceTree = "<group>"; };
		B19CBC6E0F92D23200746225 /* GTMIPhoneUnitTestDelegate.m */ = {isa = PBXFileReference; fileEncoding = 4; lastKnownFileType = sourcecode.c.objc; path = GTMIPhoneUnitTestDelegate.m; sourceTree = "<group>"; };
		B19CBC6F0F92D23200746225 /* GTMIPhoneUnitTestMain.m */ = {isa = PBXFileReference; fileEncoding = 4; lastKnownFileType = sourcecode.c.objc; path = GTMIPhoneUnitTestMain.m; sourceTree = "<group>"; };
		B19CBC700F92D23200746225 /* GTMNSObject+UnitTesting.h */ = {isa = PBXFileReference; fileEncoding = 4; lastKnownFileType = sourcecode.c.h; path = "GTMNSObject+UnitTesting.h"; sourceTree = "<group>"; };
		B19CBC710F92D23200746225 /* GTMNSObject+UnitTesting.m */ = {isa = PBXFileReference; fileEncoding = 4; lastKnownFileType = sourcecode.c.objc; path = "GTMNSObject+UnitTesting.m"; sourceTree = "<group>"; };
		B19CBC720F92D23200746225 /* GTMSenTestCase.h */ = {isa = PBXFileReference; fileEncoding = 4; lastKnownFileType = sourcecode.c.h; path = GTMSenTestCase.h; sourceTree = "<group>"; };
		B19CBC730F92D23200746225 /* GTMSenTestCase.m */ = {isa = PBXFileReference; fileEncoding = 4; lastKnownFileType = sourcecode.c.objc; path = GTMSenTestCase.m; sourceTree = "<group>"; };
		B19CBC740F92D23200746225 /* GTMUIKit+UnitTesting.h */ = {isa = PBXFileReference; fileEncoding = 4; lastKnownFileType = sourcecode.c.h; path = "GTMUIKit+UnitTesting.h"; sourceTree = "<group>"; };
		B19CBC750F92D23200746225 /* GTMUIKit+UnitTesting.m */ = {isa = PBXFileReference; fileEncoding = 4; lastKnownFileType = sourcecode.c.objc; path = "GTMUIKit+UnitTesting.m"; sourceTree = "<group>"; };
		B19CBC7E0F92D2E500746225 /* RunIPhoneUnitTest.sh */ = {isa = PBXFileReference; fileEncoding = 4; lastKnownFileType = text.script.sh; path = RunIPhoneUnitTest.sh; sourceTree = "<group>"; };
		B19CBCB00F92F4EB00746225 /* ExampleTest.m */ = {isa = PBXFileReference; fileEncoding = 4; lastKnownFileType = sourcecode.c.objc; path = ExampleTest.m; sourceTree = "<group>"; };
		B19CBCC20F93094300746225 /* OCMock.framework */ = {isa = PBXFileReference; lastKnownFileType = wrapper.framework; name = OCMock.framework; path = lib/objc/OCMock.framework; sourceTree = "<group>"; };
		B19CBCD90F93D01600746225 /* ExampleTest.testButton.iPhone.10.5.6.png */ = {isa = PBXFileReference; lastKnownFileType = image.png; path = ExampleTest.testButton.iPhone.10.5.6.png; sourceTree = "<group>"; };
/* End PBXFileReference section */

/* Begin PBXFrameworksBuildPhase section */
		1D60588F0D05DD3D006BFB54 /* Frameworks */ = {
			isa = PBXFrameworksBuildPhase;
			buildActionMask = 2147483647;
			files = (
				1D60589F0D05DD5A006BFB54 /* Foundation.framework in Frameworks */,
				1DF5F4E00D08C38300B7A737 /* UIKit.framework in Frameworks */,
				2892E4100DC94CBA00A64D0F /* CoreGraphics.framework in Frameworks */,
			);
			runOnlyForDeploymentPostprocessing = 0;
		};
		B19CBC5B0F92CDE600746225 /* Frameworks */ = {
			isa = PBXFrameworksBuildPhase;
			buildActionMask = 2147483647;
			files = (
				B19CBCA20F92D37C00746225 /* UIKit.framework in Frameworks */,
				B19CBCA30F92D37D00746225 /* Foundation.framework in Frameworks */,
				B19CBCA40F92D37E00746225 /* CoreGraphics.framework in Frameworks */,
				B19CBCC30F93094300746225 /* OCMock.framework in Frameworks */,
			);
			runOnlyForDeploymentPostprocessing = 0;
		};
/* End PBXFrameworksBuildPhase section */

/* Begin PBXGroup section */
		080E96DDFE201D6D7F000001 /* Classes */ = {
			isa = PBXGroup;
			children = (
				28C286DF0D94DF7D0034E888 /* RootViewController.h */,
				28C286E00D94DF7D0034E888 /* RootViewController.m */,
				1D3623240D0F684500981E51 /* AppDelegate.h */,
				1D3623250D0F684500981E51 /* AppDelegate.m */,
			);
			path = Classes;
			sourceTree = "<group>";
		};
		19C28FACFE9D520D11CA2CBB /* Products */ = {
			isa = PBXGroup;
			children = (
				1D6058910D05DD3D006BFB54 /* MyNewProject.app */,
				B19CBC5D0F92CDE600746225 /* Unit Tests.app */,
			);
			name = Products;
			sourceTree = "<group>";
		};
		29B97314FDCFA39411CA2CEA /* CustomTemplate */ = {
			isa = PBXGroup;
			children = (
				8D1107310486CEB800E47090 /* Info.plist */,
				B19CBCAF0F92F46600746225 /* Tests */,
				080E96DDFE201D6D7F000001 /* Classes */,
				29B97315FDCFA39411CA2CEA /* Other Sources */,
				29B97317FDCFA39411CA2CEA /* Resources */,
				29B97323FDCFA39411CA2CEA /* Frameworks */,
				19C28FACFE9D520D11CA2CBB /* Products */,
				B19CBC5F0F92CDE600746225 /* Unit Tests-Info.plist */,
			);
			name = CustomTemplate;
			sourceTree = "<group>";
		};
		29B97315FDCFA39411CA2CEA /* Other Sources */ = {
			isa = PBXGroup;
			children = (
				B19CBC640F92D1ED00746225 /* google-toolbox-for-mac-1.5.1 */,
				28A0AAE50D9B0CCF005BE974 /* MyNewProject_Prefix.pch */,
				29B97316FDCFA39411CA2CEA /* main.m */,
			);
			name = "Other Sources";
			sourceTree = "<group>";
		};
		29B97317FDCFA39411CA2CEA /* Resources */ = {
			isa = PBXGroup;
			children = (
				2899E55F0DE3E45000AC0155 /* RootViewController.xib */,
				28AD735F0D9D9599002E5188 /* MainWindow.xib */,
			);
			path = Resources;
			sourceTree = "<group>";
		};
		29B97323FDCFA39411CA2CEA /* Frameworks */ = {
			isa = PBXGroup;
			children = (
				B19CBCC20F93094300746225 /* OCMock.framework */,
				1DF5F4DF0D08C38300B7A737 /* UIKit.framework */,
				1D30AB110D05D00D00671497 /* Foundation.framework */,
				2892E40F0DC94CBA00A64D0F /* CoreGraphics.framework */,
			);
			name = Frameworks;
			sourceTree = "<group>";
		};
		B19CBC640F92D1ED00746225 /* google-toolbox-for-mac-1.5.1 */ = {
			isa = PBXGroup;
			children = (
				B19CBC650F92D23200746225 /* Foundation */,
				B19CBC690F92D23200746225 /* GTMDefines.h */,
				B19CBC6A0F92D23200746225 /* UnitTesting */,
			);
			name = "google-toolbox-for-mac-1.5.1";
			path = "lib/objc/google-toolbox-for-mac-1.5.1";
			sourceTree = "<group>";
		};
		B19CBC650F92D23200746225 /* Foundation */ = {
			isa = PBXGroup;
			children = (
				B19CBC660F92D23200746225 /* GTMGarbageCollection.h */,
				B19CBC670F92D23200746225 /* GTMSystemVersion.h */,
				B19CBC680F92D23200746225 /* GTMSystemVersion.m */,
			);
			path = Foundation;
			sourceTree = "<group>";
		};
		B19CBC6A0F92D23200746225 /* UnitTesting */ = {
			isa = PBXGroup;
			children = (
				B19CBC6B0F92D23200746225 /* GTMCALayer+UnitTesting.h */,
				B19CBC6C0F92D23200746225 /* GTMCALayer+UnitTesting.m */,
				B19CBC6D0F92D23200746225 /* GTMIPhoneUnitTestDelegate.h */,
				B19CBC6E0F92D23200746225 /* GTMIPhoneUnitTestDelegate.m */,
				B19CBC6F0F92D23200746225 /* GTMIPhoneUnitTestMain.m */,
				B19CBC700F92D23200746225 /* GTMNSObject+UnitTesting.h */,
				B19CBC710F92D23200746225 /* GTMNSObject+UnitTesting.m */,
				B19CBC720F92D23200746225 /* GTMSenTestCase.h */,
				B19CBC730F92D23200746225 /* GTMSenTestCase.m */,
				B19CBC740F92D23200746225 /* GTMUIKit+UnitTesting.h */,
				B19CBC750F92D23200746225 /* GTMUIKit+UnitTesting.m */,
				B19CBC7E0F92D2E500746225 /* RunIPhoneUnitTest.sh */,
			);
			path = UnitTesting;
			sourceTree = "<group>";
		};
		B19CBCAF0F92F46600746225 /* Tests */ = {
			isa = PBXGroup;
			children = (
				B19CBCD90F93D01600746225 /* ExampleTest.testButton.iPhone.10.5.6.png */,
				B19CBCB00F92F4EB00746225 /* ExampleTest.m */,
			);
			path = Tests;
			sourceTree = "<group>";
		};
/* End PBXGroup section */

/* Begin PBXNativeTarget section */
		1D6058900D05DD3D006BFB54 /* MyNewProject */ = {
			isa = PBXNativeTarget;
			buildConfigurationList = 1D6058960D05DD3E006BFB54 /* Build configuration list for PBXNativeTarget "MyNewProject" */;
			buildPhases = (
				1D60588D0D05DD3D006BFB54 /* Resources */,
				1D60588E0D05DD3D006BFB54 /* Sources */,
				1D60588F0D05DD3D006BFB54 /* Frameworks */,
			);
			buildRules = (
			);
			dependencies = (
			);
			name = MyNewProject;
			productName = MyNewProject;
			productReference = 1D6058910D05DD3D006BFB54 /* MyNewProject.app */;
			productType = "com.apple.product-type.application";
		};
		B19CBC5C0F92CDE600746225 /* Unit Tests */ = {
			isa = PBXNativeTarget;
			buildConfigurationList = B19CBC620F92CDE700746225 /* Build configuration list for PBXNativeTarget "Unit Tests" */;
			buildPhases = (
				B19CBC590F92CDE600746225 /* Resources */,
				B19CBC5A0F92CDE600746225 /* Sources */,
				B19CBCD70F9309E400746225 /* CopyFiles */,
				B19CBC5B0F92CDE600746225 /* Frameworks */,
				B19CBC810F92D30400746225 /* ShellScript */,
			);
			buildRules = (
			);
			dependencies = (
			);
			name = "Unit Tests";
			productName = "Unit Tests";
			productReference = B19CBC5D0F92CDE600746225 /* Unit Tests.app */;
			productType = "com.apple.product-type.application";
		};
/* End PBXNativeTarget section */

/* Begin PBXProject section */
		29B97313FDCFA39411CA2CEA /* Project object */ = {
			isa = PBXProject;
			buildConfigurationList = C01FCF4E08A954540054247B /* Build configuration list for PBXProject "MyNewProject" */;
			compatibilityVersion = "Xcode 3.1";
			hasScannedForEncodings = 1;
			knownRegions = (
				English,
				Japanese,
				French,
				German,
				en,
			);
			mainGroup = 29B97314FDCFA39411CA2CEA /* CustomTemplate */;
			projectDirPath = "";
			projectRoot = "";
			targets = (
				1D6058900D05DD3D006BFB54 /* MyNewProject */,
				B19CBC5C0F92CDE600746225 /* Unit Tests */,
			);
		};
/* End PBXProject section */

/* Begin PBXResourcesBuildPhase section */
		1D60588D0D05DD3D006BFB54 /* Resources */ = {
			isa = PBXResourcesBuildPhase;
			buildActionMask = 2147483647;
			files = (
				28AD73600D9D9599002E5188 /* MainWindow.xib in Resources */,
				2899E5600DE3E45000AC0155 /* RootViewController.xib in Resources */,
			);
			runOnlyForDeploymentPostprocessing = 0;
		};
		B19CBC590F92CDE600746225 /* Resources */ = {
			isa = PBXResourcesBuildPhase;
			buildActionMask = 2147483647;
			files = (
				B19CBC7F0F92D2E500746225 /* RunIPhoneUnitTest.sh in Resources */,
				B19CBCDA0F93D01600746225 /* ExampleTest.testButton.iPhone.10.5.6.png in Resources */,
			);
			runOnlyForDeploymentPostprocessing = 0;
		};
/* End PBXResourcesBuildPhase section */

/* Begin PBXShellScriptBuildPhase section */
		B19CBC810F92D30400746225 /* ShellScript */ = {
			isa = PBXShellScriptBuildPhase;
			buildActionMask = 2147483647;
			files = (
			);
			inputPaths = (
			);
			outputPaths = (
			);
			runOnlyForDeploymentPostprocessing = 0;
			shellPath = /bin/sh;
			shellScript = "lib/objc/google-toolbox-for-mac-1.5.1/UnitTesting/RunIPhoneUnitTest.sh";
			showEnvVarsInLog = 0;
		};
/* End PBXShellScriptBuildPhase section */

/* Begin PBXSourcesBuildPhase section */
		1D60588E0D05DD3D006BFB54 /* Sources */ = {
			isa = PBXSourcesBuildPhase;
			buildActionMask = 2147483647;
			files = (
				1D60589B0D05DD56006BFB54 /* main.m in Sources */,
				1D3623260D0F684500981E51 /* AppDelegate.m in Sources */,
				28C286E10D94DF7D0034E888 /* RootViewController.m in Sources */,
			);
			runOnlyForDeploymentPostprocessing = 0;
		};
		B19CBC5A0F92CDE600746225 /* Sources */ = {
			isa = PBXSourcesBuildPhase;
			buildActionMask = 2147483647;
			files = (
				B19CBC760F92D23200746225 /* GTMSystemVersion.m in Sources */,
				B19CBC770F92D23200746225 /* GTMCALayer+UnitTesting.m in Sources */,
				B19CBC780F92D23200746225 /* GTMIPhoneUnitTestDelegate.m in Sources */,
				B19CBC790F92D23200746225 /* GTMIPhoneUnitTestMain.m in Sources */,
				B19CBC7A0F92D23200746225 /* GTMNSObject+UnitTesting.m in Sources */,
				B19CBC7B0F92D23200746225 /* GTMSenTestCase.m in Sources */,
				B19CBC7C0F92D23200746225 /* GTMUIKit+UnitTesting.m in Sources */,
				B19CBCB10F92F4EB00746225 /* ExampleTest.m in Sources */,
			);
			runOnlyForDeploymentPostprocessing = 0;
		};
/* End PBXSourcesBuildPhase section */

/* Begin XCBuildConfiguration section */
		1D6058940D05DD3E006BFB54 /* Debug */ = {
			isa = XCBuildConfiguration;
			buildSettings = {
				ALWAYS_SEARCH_USER_PATHS = NO;
				COPY_PHASE_STRIP = NO;
				GCC_DYNAMIC_NO_PIC = NO;
				GCC_OPTIMIZATION_LEVEL = 0;
				GCC_PRECOMPILE_PREFIX_HEADER = YES;
				GCC_PREFIX_HEADER = MyNewProject_Prefix.pch;
				INFOPLIST_FILE = Info.plist;
				PRODUCT_NAME = MyNewProject;
			};
			name = Debug;
		};
		1D6058950D05DD3E006BFB54 /* Release */ = {
			isa = XCBuildConfiguration;
			buildSettings = {
				ALWAYS_SEARCH_USER_PATHS = NO;
				COPY_PHASE_STRIP = YES;
				GCC_PRECOMPILE_PREFIX_HEADER = YES;
				GCC_PREFIX_HEADER = MyNewProject_Prefix.pch;
				INFOPLIST_FILE = Info.plist;
				PRODUCT_NAME = MyNewProject;
			};
			name = Release;
		};
		B19CBC600F92CDE700746225 /* Debug */ = {
			isa = XCBuildConfiguration;
			buildSettings = {
				ALWAYS_SEARCH_USER_PATHS = NO;
				CODE_SIGN_IDENTITY = "iPhone Developer";
				COPY_PHASE_STRIP = NO;
				FRAMEWORK_SEARCH_PATHS = (
					"$(inherited)",
					"\"$(SRCROOT)/lib/objc\"",
				);
				GCC_DYNAMIC_NO_PIC = NO;
				GCC_OPTIMIZATION_LEVEL = 0;
				GCC_PRECOMPILE_PREFIX_HEADER = YES;
				GCC_PREFIX_HEADER = "$(SYSTEM_LIBRARY_DIR)/Frameworks/UIKit.framework/Headers/UIKit.h";
				INFOPLIST_FILE = "Unit Tests-Info.plist";
				INSTALL_PATH = "$(HOME)/Applications";
				OTHER_LDFLAGS = (
					"-framework",
					Foundation,
					"-framework",
					UIKit,
				);
				PREBINDING = NO;
				PRODUCT_NAME = "Unit Tests";
				SDKROOT = iphoneos2.2.1;
			};
			name = Debug;
		};
		B19CBC610F92CDE700746225 /* Release */ = {
			isa = XCBuildConfiguration;
			buildSettings = {
				ALWAYS_SEARCH_USER_PATHS = NO;
				CODE_SIGN_IDENTITY = "iPhone Developer";
				COPY_PHASE_STRIP = YES;
				DEBUG_INFORMATION_FORMAT = "dwarf-with-dsym";
				FRAMEWORK_SEARCH_PATHS = (
					"$(inherited)",
					"\"$(SRCROOT)/lib/objc\"",
				);
				GCC_ENABLE_FIX_AND_CONTINUE = NO;
				GCC_PRECOMPILE_PREFIX_HEADER = YES;
				GCC_PREFIX_HEADER = "$(SYSTEM_LIBRARY_DIR)/Frameworks/UIKit.framework/Headers/UIKit.h";
				INFOPLIST_FILE = "Unit Tests-Info.plist";
				INSTALL_PATH = "$(HOME)/Applications";
				OTHER_LDFLAGS = (
					"-framework",
					Foundation,
					"-framework",
					UIKit,
				);
				PREBINDING = NO;
				PRODUCT_NAME = "Unit Tests";
				SDKROOT = iphoneos2.2.1;
				ZERO_LINK = NO;
			};
			name = Release;
		};
		C01FCF4F08A954540054247B /* Debug */ = {
			isa = XCBuildConfiguration;
			buildSettings = {
				ARCHS = "$(ARCHS_STANDARD_32_BIT)";
				"CODE_SIGN_IDENTITY[sdk=iphoneos*]" = "iPhone Developer";
				GCC_C_LANGUAGE_STANDARD = c99;
				GCC_WARN_ABOUT_RETURN_TYPE = YES;
				GCC_WARN_UNUSED_VARIABLE = YES;
				ONLY_ACTIVE_ARCH = YES;
				PREBINDING = NO;
				SDKROOT = iphoneos2.2.1;
			};
			name = Debug;
		};
		C01FCF5008A954540054247B /* Release */ = {
			isa = XCBuildConfiguration;
			buildSettings = {
				ARCHS = "$(ARCHS_STANDARD_32_BIT)";
				"CODE_SIGN_IDENTITY[sdk=iphoneos*]" = "iPhone Developer";
				GCC_C_LANGUAGE_STANDARD = c99;
				GCC_WARN_ABOUT_RETURN_TYPE = YES;
				GCC_WARN_UNUSED_VARIABLE = YES;
				PREBINDING = NO;
				SDKROOT = iphoneos2.2.1;
			};
			name = Release;
		};
/* End XCBuildConfiguration section */

/* Begin XCConfigurationList section */
		1D6058960D05DD3E006BFB54 /* Build configuration list for PBXNativeTarget "MyNewProject" */ = {
			isa = XCConfigurationList;
			buildConfigurations = (
				1D6058940D05DD3E006BFB54 /* Debug */,
				1D6058950D05DD3E006BFB54 /* Release */,
			);
			defaultConfigurationIsVisible = 0;
			defaultConfigurationName = Release;
		};
		B19CBC620F92CDE700746225 /* Build configuration list for PBXNativeTarget "Unit Tests" */ = {
			isa = XCConfigurationList;
			buildConfigurations = (
				B19CBC600F92CDE700746225 /* Debug */,
				B19CBC610F92CDE700746225 /* Release */,
			);
			defaultConfigurationIsVisible = 0;
			defaultConfigurationName = Release;
		};
		C01FCF4E08A954540054247B /* Build configuration list for PBXProject "MyNewProject" */ = {
			isa = XCConfigurationList;
			buildConfigurations = (
				C01FCF4F08A954540054247B /* Debug */,
				C01FCF5008A954540054247B /* Release */,
			);
			defaultConfigurationIsVisible = 0;
			defaultConfigurationName = Release;
		};
/* End XCConfigurationList section */
	};
	rootObject = 29B97313FDCFA39411CA2CEA /* Project object */;
}
